// !$*UTF8*$!
{
	archiveVersion = 1;
	classes = {
	};
	objectVersion = 46;
	objects = {

/* Begin PBXBuildFile section */
		49B2DA531ECD44E10082BB47 /* AppDelegate.swift in Sources */ = {isa = PBXBuildFile; fileRef = 49B2DA521ECD44E10082BB47 /* AppDelegate.swift */; };
		49B2DA551ECD44E10082BB47 /* GameScene.sks in Resources */ = {isa = PBXBuildFile; fileRef = 49B2DA541ECD44E10082BB47 /* GameScene.sks */; };
		49B2DA591ECD44E10082BB47 /* GameScene.swift in Sources */ = {isa = PBXBuildFile; fileRef = 49B2DA581ECD44E10082BB47 /* GameScene.swift */; };
		49B2DA5B1ECD44E10082BB47 /* GameViewController.swift in Sources */ = {isa = PBXBuildFile; fileRef = 49B2DA5A1ECD44E10082BB47 /* GameViewController.swift */; };
		49B2DA5E1ECD44E10082BB47 /* Main.storyboard in Resources */ = {isa = PBXBuildFile; fileRef = 49B2DA5C1ECD44E10082BB47 /* Main.storyboard */; };
		49B2DA601ECD44E10082BB47 /* Assets.xcassets in Resources */ = {isa = PBXBuildFile; fileRef = 49B2DA5F1ECD44E10082BB47 /* Assets.xcassets */; };
		49B2DA631ECD44E10082BB47 /* LaunchScreen.storyboard in Resources */ = {isa = PBXBuildFile; fileRef = 49B2DA611ECD44E10082BB47 /* LaunchScreen.storyboard */; };
		49B2DA781ECD4B740082BB47 /* gameOver.png in Resources */ = {isa = PBXBuildFile; fileRef = 49B2DA6A1ECD4B740082BB47 /* gameOver.png */; };
		49B2DA791ECD4B740082BB47 /* gameOver@2x.png in Resources */ = {isa = PBXBuildFile; fileRef = 49B2DA6B1ECD4B740082BB47 /* gameOver@2x.png */; };
		49B2DA7A1ECD4B740082BB47 /* penguinEvil.png in Resources */ = {isa = PBXBuildFile; fileRef = 49B2DA6C1ECD4B740082BB47 /* penguinEvil.png */; };
		49B2DA7B1ECD4B740082BB47 /* penguinEvil@2x.png in Resources */ = {isa = PBXBuildFile; fileRef = 49B2DA6D1ECD4B740082BB47 /* penguinEvil@2x.png */; };
		49B2DA7C1ECD4B740082BB47 /* penguinGood.png in Resources */ = {isa = PBXBuildFile; fileRef = 49B2DA6E1ECD4B740082BB47 /* penguinGood.png */; };
		49B2DA7D1ECD4B740082BB47 /* penguinGood@2x.png in Resources */ = {isa = PBXBuildFile; fileRef = 49B2DA6F1ECD4B740082BB47 /* penguinGood@2x.png */; };
		49B2DA7E1ECD4B740082BB47 /* whack.caf in Resources */ = {isa = PBXBuildFile; fileRef = 49B2DA701ECD4B740082BB47 /* whack.caf */; };
		49B2DA7F1ECD4B740082BB47 /* whackBackground.png in Resources */ = {isa = PBXBuildFile; fileRef = 49B2DA711ECD4B740082BB47 /* whackBackground.png */; };
		49B2DA801ECD4B740082BB47 /* whackBackground@2x.png in Resources */ = {isa = PBXBuildFile; fileRef = 49B2DA721ECD4B740082BB47 /* whackBackground@2x.png */; };
		49B2DA811ECD4B740082BB47 /* whackBad.caf in Resources */ = {isa = PBXBuildFile; fileRef = 49B2DA731ECD4B740082BB47 /* whackBad.caf */; };
		49B2DA821ECD4B740082BB47 /* whackHole.png in Resources */ = {isa = PBXBuildFile; fileRef = 49B2DA741ECD4B740082BB47 /* whackHole.png */; };
		49B2DA831ECD4B740082BB47 /* whackHole@2x.png in Resources */ = {isa = PBXBuildFile; fileRef = 49B2DA751ECD4B740082BB47 /* whackHole@2x.png */; };
		49B2DA841ECD4B740082BB47 /* whackMask.png in Resources */ = {isa = PBXBuildFile; fileRef = 49B2DA761ECD4B740082BB47 /* whackMask.png */; };
		49B2DA851ECD4B740082BB47 /* whackMask@2x.png in Resources */ = {isa = PBXBuildFile; fileRef = 49B2DA771ECD4B740082BB47 /* whackMask@2x.png */; };
		49B2DA881ECD4BAC0082BB47 /* Helper.swift in Sources */ = {isa = PBXBuildFile; fileRef = 49B2DA871ECD4BAC0082BB47 /* Helper.swift */; };
		49B2DA8A1ECE897C0082BB47 /* WhackSlot.swift in Sources */ = {isa = PBXBuildFile; fileRef = 49B2DA891ECE897C0082BB47 /* WhackSlot.swift */; };
/* End PBXBuildFile section */

/* Begin PBXFileReference section */
		49B2DA4F1ECD44E10082BB47 /* Whack_a_Penguin.app */ = {isa = PBXFileReference; explicitFileType = wrapper.application; includeInIndex = 0; path = Whack_a_Penguin.app; sourceTree = BUILT_PRODUCTS_DIR; };
		49B2DA521ECD44E10082BB47 /* AppDelegate.swift */ = {isa = PBXFileReference; lastKnownFileType = sourcecode.swift; path = AppDelegate.swift; sourceTree = "<group>"; };
		49B2DA541ECD44E10082BB47 /* GameScene.sks */ = {isa = PBXFileReference; lastKnownFileType = file.sks; path = GameScene.sks; sourceTree = "<group>"; };
		49B2DA581ECD44E10082BB47 /* GameScene.swift */ = {isa = PBXFileReference; lastKnownFileType = sourcecode.swift; path = GameScene.swift; sourceTree = "<group>"; };
		49B2DA5A1ECD44E10082BB47 /* GameViewController.swift */ = {isa = PBXFileReference; lastKnownFileType = sourcecode.swift; path = GameViewController.swift; sourceTree = "<group>"; };
		49B2DA5D1ECD44E10082BB47 /* Base */ = {isa = PBXFileReference; lastKnownFileType = file.storyboard; name = Base; path = Base.lproj/Main.storyboard; sourceTree = "<group>"; };
		49B2DA5F1ECD44E10082BB47 /* Assets.xcassets */ = {isa = PBXFileReference; lastKnownFileType = folder.assetcatalog; path = Assets.xcassets; sourceTree = "<group>"; };
		49B2DA621ECD44E10082BB47 /* Base */ = {isa = PBXFileReference; lastKnownFileType = file.storyboard; name = Base; path = Base.lproj/LaunchScreen.storyboard; sourceTree = "<group>"; };
		49B2DA641ECD44E10082BB47 /* Info.plist */ = {isa = PBXFileReference; lastKnownFileType = text.plist.xml; path = Info.plist; sourceTree = "<group>"; };
		49B2DA6A1ECD4B740082BB47 /* gameOver.png */ = {isa = PBXFileReference; lastKnownFileType = image.png; path = gameOver.png; sourceTree = "<group>"; };
		49B2DA6B1ECD4B740082BB47 /* gameOver@2x.png */ = {isa = PBXFileReference; lastKnownFileType = image.png; path = "gameOver@2x.png"; sourceTree = "<group>"; };
		49B2DA6C1ECD4B740082BB47 /* penguinEvil.png */ = {isa = PBXFileReference; lastKnownFileType = image.png; path = penguinEvil.png; sourceTree = "<group>"; };
		49B2DA6D1ECD4B740082BB47 /* penguinEvil@2x.png */ = {isa = PBXFileReference; lastKnownFileType = image.png; path = "penguinEvil@2x.png"; sourceTree = "<group>"; };
		49B2DA6E1ECD4B740082BB47 /* penguinGood.png */ = {isa = PBXFileReference; lastKnownFileType = image.png; path = penguinGood.png; sourceTree = "<group>"; };
		49B2DA6F1ECD4B740082BB47 /* penguinGood@2x.png */ = {isa = PBXFileReference; lastKnownFileType = image.png; path = "penguinGood@2x.png"; sourceTree = "<group>"; };
		49B2DA701ECD4B740082BB47 /* whack.caf */ = {isa = PBXFileReference; lastKnownFileType = file; path = whack.caf; sourceTree = "<group>"; };
		49B2DA711ECD4B740082BB47 /* whackBackground.png */ = {isa = PBXFileReference; lastKnownFileType = image.png; path = whackBackground.png; sourceTree = "<group>"; };
		49B2DA721ECD4B740082BB47 /* whackBackground@2x.png */ = {isa = PBXFileReference; lastKnownFileType = image.png; path = "whackBackground@2x.png"; sourceTree = "<group>"; };
		49B2DA731ECD4B740082BB47 /* whackBad.caf */ = {isa = PBXFileReference; lastKnownFileType = file; path = whackBad.caf; sourceTree = "<group>"; };
		49B2DA741ECD4B740082BB47 /* whackHole.png */ = {isa = PBXFileReference; lastKnownFileType = image.png; path = whackHole.png; sourceTree = "<group>"; };
		49B2DA751ECD4B740082BB47 /* whackHole@2x.png */ = {isa = PBXFileReference; lastKnownFileType = image.png; path = "whackHole@2x.png"; sourceTree = "<group>"; };
		49B2DA761ECD4B740082BB47 /* whackMask.png */ = {isa = PBXFileReference; lastKnownFileType = image.png; path = whackMask.png; sourceTree = "<group>"; };
		49B2DA771ECD4B740082BB47 /* whackMask@2x.png */ = {isa = PBXFileReference; lastKnownFileType = image.png; path = "whackMask@2x.png"; sourceTree = "<group>"; };
		49B2DA871ECD4BAC0082BB47 /* Helper.swift */ = {isa = PBXFileReference; fileEncoding = 4; lastKnownFileType = sourcecode.swift; path = Helper.swift; sourceTree = "<group>"; };
		49B2DA891ECE897C0082BB47 /* WhackSlot.swift */ = {isa = PBXFileReference; fileEncoding = 4; lastKnownFileType = sourcecode.swift; path = WhackSlot.swift; sourceTree = "<group>"; };
/* End PBXFileReference section */

/* Begin PBXFrameworksBuildPhase section */
		49B2DA4C1ECD44E10082BB47 /* Frameworks */ = {
			isa = PBXFrameworksBuildPhase;
			buildActionMask = 2147483647;
			files = (
			);
			runOnlyForDeploymentPostprocessing = 0;
		};
/* End PBXFrameworksBuildPhase section */

/* Begin PBXGroup section */
		49B2DA461ECD44E10082BB47 = {
			isa = PBXGroup;
			children = (
				49B2DA511ECD44E10082BB47 /* Whack_a_Penguin */,
				49B2DA501ECD44E10082BB47 /* Products */,
			);
			sourceTree = "<group>";
		};
		49B2DA501ECD44E10082BB47 /* Products */ = {
			isa = PBXGroup;
			children = (
				49B2DA4F1ECD44E10082BB47 /* Whack_a_Penguin.app */,
			);
			name = Products;
			sourceTree = "<group>";
		};
		49B2DA511ECD44E10082BB47 /* Whack_a_Penguin */ = {
			isa = PBXGroup;
			children = (
				49B2DA521ECD44E10082BB47 /* AppDelegate.swift */,
				49B2DA541ECD44E10082BB47 /* GameScene.sks */,
				49B2DA581ECD44E10082BB47 /* GameScene.swift */,
				49B2DA5A1ECD44E10082BB47 /* GameViewController.swift */,
				49B2DA871ECD4BAC0082BB47 /* Helper.swift */,
				49B2DA891ECE897C0082BB47 /* WhackSlot.swift */,
				49B2DA5C1ECD44E10082BB47 /* Main.storyboard */,
				49B2DA5F1ECD44E10082BB47 /* Assets.xcassets */,
				49B2DA611ECD44E10082BB47 /* LaunchScreen.storyboard */,
				49B2DA641ECD44E10082BB47 /* Info.plist */,
				49B2DA861ECD4B800082BB47 /* Content */,
			);
			path = Whack_a_Penguin;
			sourceTree = "<group>";
		};
		49B2DA861ECD4B800082BB47 /* Content */ = {
			isa = PBXGroup;
			children = (
				49B2DA6A1ECD4B740082BB47 /* gameOver.png */,
				49B2DA6B1ECD4B740082BB47 /* gameOver@2x.png */,
				49B2DA6C1ECD4B740082BB47 /* penguinEvil.png */,
				49B2DA6D1ECD4B740082BB47 /* penguinEvil@2x.png */,
				49B2DA6E1ECD4B740082BB47 /* penguinGood.png */,
				49B2DA6F1ECD4B740082BB47 /* penguinGood@2x.png */,
				49B2DA701ECD4B740082BB47 /* whack.caf */,
				49B2DA711ECD4B740082BB47 /* whackBackground.png */,
				49B2DA721ECD4B740082BB47 /* whackBackground@2x.png */,
				49B2DA731ECD4B740082BB47 /* whackBad.caf */,
				49B2DA741ECD4B740082BB47 /* whackHole.png */,
				49B2DA751ECD4B740082BB47 /* whackHole@2x.png */,
				49B2DA761ECD4B740082BB47 /* whackMask.png */,
				49B2DA771ECD4B740082BB47 /* whackMask@2x.png */,
			);
			name = Content;
			sourceTree = "<group>";
		};
/* End PBXGroup section */

/* Begin PBXNativeTarget section */
		49B2DA4E1ECD44E10082BB47 /* Whack_a_Penguin */ = {
			isa = PBXNativeTarget;
			buildConfigurationList = 49B2DA671ECD44E10082BB47 /* Build configuration list for PBXNativeTarget "Whack_a_Penguin" */;
			buildPhases = (
				49B2DA4B1ECD44E10082BB47 /* Sources */,
				49B2DA4C1ECD44E10082BB47 /* Frameworks */,
				49B2DA4D1ECD44E10082BB47 /* Resources */,
			);
			buildRules = (
			);
			dependencies = (
			);
			name = Whack_a_Penguin;
			productName = Whack_a_Penguin;
			productReference = 49B2DA4F1ECD44E10082BB47 /* Whack_a_Penguin.app */;
			productType = "com.apple.product-type.application";
		};
/* End PBXNativeTarget section */

/* Begin PBXProject section */
		49B2DA471ECD44E10082BB47 /* Project object */ = {
			isa = PBXProject;
			attributes = {
				LastSwiftUpdateCheck = 0820;
				LastUpgradeCheck = 0820;
				ORGANIZATIONNAME = "Owen Duignan";
				TargetAttributes = {
					49B2DA4E1ECD44E10082BB47 = {
						CreatedOnToolsVersion = 8.2.1;
						DevelopmentTeam = 32BKXPEZZ6;
						ProvisioningStyle = Automatic;
					};
				};
			};
			buildConfigurationList = 49B2DA4A1ECD44E10082BB47 /* Build configuration list for PBXProject "Whack_a_Penguin" */;
			compatibilityVersion = "Xcode 3.2";
			developmentRegion = English;
			hasScannedForEncodings = 0;
			knownRegions = (
				en,
				Base,
			);
			mainGroup = 49B2DA461ECD44E10082BB47;
			productRefGroup = 49B2DA501ECD44E10082BB47 /* Products */;
			projectDirPath = "";
			projectRoot = "";
			targets = (
				49B2DA4E1ECD44E10082BB47 /* Whack_a_Penguin */,
			);
		};
/* End PBXProject section */

/* Begin PBXResourcesBuildPhase section */
		49B2DA4D1ECD44E10082BB47 /* Resources */ = {
			isa = PBXResourcesBuildPhase;
			buildActionMask = 2147483647;
			files = (
				49B2DA781ECD4B740082BB47 /* gameOver.png in Resources */,
				49B2DA5E1ECD44E10082BB47 /* Main.storyboard in Resources */,
				49B2DA791ECD4B740082BB47 /* gameOver@2x.png in Resources */,
				49B2DA841ECD4B740082BB47 /* whackMask.png in Resources */,
				49B2DA831ECD4B740082BB47 /* whackHole@2x.png in Resources */,
				49B2DA551ECD44E10082BB47 /* GameScene.sks in Resources */,
				49B2DA821ECD4B740082BB47 /* whackHole.png in Resources */,
				49B2DA801ECD4B740082BB47 /* whackBackground@2x.png in Resources */,
				49B2DA7F1ECD4B740082BB47 /* whackBackground.png in Resources */,
				49B2DA601ECD44E10082BB47 /* Assets.xcassets in Resources */,
				49B2DA7B1ECD4B740082BB47 /* penguinEvil@2x.png in Resources */,
				49B2DA7A1ECD4B740082BB47 /* penguinEvil.png in Resources */,
				49B2DA631ECD44E10082BB47 /* LaunchScreen.storyboard in Resources */,
				49B2DA851ECD4B740082BB47 /* whackMask@2x.png in Resources */,
				49B2DA7E1ECD4B740082BB47 /* whack.caf in Resources */,
				49B2DA7D1ECD4B740082BB47 /* penguinGood@2x.png in Resources */,
				49B2DA7C1ECD4B740082BB47 /* penguinGood.png in Resources */,
				49B2DA811ECD4B740082BB47 /* whackBad.caf in Resources */,
			);
			runOnlyForDeploymentPostprocessing = 0;
		};
/* End PBXResourcesBuildPhase section */

/* Begin PBXSourcesBuildPhase section */
		49B2DA4B1ECD44E10082BB47 /* Sources */ = {
			isa = PBXSourcesBuildPhase;
			buildActionMask = 2147483647;
			files = (
				49B2DA591ECD44E10082BB47 /* GameScene.swift in Sources */,
				49B2DA8A1ECE897C0082BB47 /* WhackSlot.swift in Sources */,
				49B2DA5B1ECD44E10082BB47 /* GameViewController.swift in Sources */,
				49B2DA531ECD44E10082BB47 /* AppDelegate.swift in Sources */,
				49B2DA881ECD4BAC0082BB47 /* Helper.swift in Sources */,
			);
			runOnlyForDeploymentPostprocessing = 0;
		};
/* End PBXSourcesBuildPhase section */

/* Begin PBXVariantGroup section */
		49B2DA5C1ECD44E10082BB47 /* Main.storyboard */ = {
			isa = PBXVariantGroup;
			children = (
				49B2DA5D1ECD44E10082BB47 /* Base */,
			);
			name = Main.storyboard;
			sourceTree = "<group>";
		};
		49B2DA611ECD44E10082BB47 /* LaunchScreen.storyboard */ = {
			isa = PBXVariantGroup;
			children = (
				49B2DA621ECD44E10082BB47 /* Base */,
			);
			name = LaunchScreen.storyboard;
			sourceTree = "<group>";
		};
/* End PBXVariantGroup section */

/* Begin XCBuildConfiguration section */
		49B2DA651ECD44E10082BB47 /* Debug */ = {
			isa = XCBuildConfiguration;
			buildSettings = {
				ALWAYS_SEARCH_USER_PATHS = NO;
				CLANG_ANALYZER_NONNULL = YES;
				CLANG_CXX_LANGUAGE_STANDARD = "gnu++0x";
				CLANG_CXX_LIBRARY = "libc++";
				CLANG_ENABLE_MODULES = YES;
				CLANG_ENABLE_OBJC_ARC = YES;
				CLANG_WARN_BOOL_CONVERSION = YES;
				CLANG_WARN_CONSTANT_CONVERSION = YES;
				CLANG_WARN_DIRECT_OBJC_ISA_USAGE = YES_ERROR;
				CLANG_WARN_DOCUMENTATION_COMMENTS = YES;
				CLANG_WARN_EMPTY_BODY = YES;
				CLANG_WARN_ENUM_CONVERSION = YES;
				CLANG_WARN_INFINITE_RECURSION = YES;
				CLANG_WARN_INT_CONVERSION = YES;
				CLANG_WARN_OBJC_ROOT_CLASS = YES_ERROR;
				CLANG_WARN_SUSPICIOUS_MOVE = YES;
				CLANG_WARN_UNREACHABLE_CODE = YES;
				CLANG_WARN__DUPLICATE_METHOD_MATCH = YES;
				"CODE_SIGN_IDENTITY[sdk=iphoneos*]" = "iPhone Developer";
				COPY_PHASE_STRIP = NO;
				DEBUG_INFORMATION_FORMAT = dwarf;
				ENABLE_STRICT_OBJC_MSGSEND = YES;
				ENABLE_TESTABILITY = YES;
				GCC_C_LANGUAGE_STANDARD = gnu99;
				GCC_DYNAMIC_NO_PIC = NO;
				GCC_NO_COMMON_BLOCKS = YES;
				GCC_OPTIMIZATION_LEVEL = 0;
				GCC_PREPROCESSOR_DEFINITIONS = (
					"DEBUG=1",
					"$(inherited)",
				);
				GCC_WARN_64_TO_32_BIT_CONVERSION = YES;
				GCC_WARN_ABOUT_RETURN_TYPE = YES_ERROR;
				GCC_WARN_UNDECLARED_SELECTOR = YES;
				GCC_WARN_UNINITIALIZED_AUTOS = YES_AGGRESSIVE;
				GCC_WARN_UNUSED_FUNCTION = YES;
				GCC_WARN_UNUSED_VARIABLE = YES;
				IPHONEOS_DEPLOYMENT_TARGET = 10.2;
				MTL_ENABLE_DEBUG_INFO = YES;
				ONLY_ACTIVE_ARCH = YES;
				SDKROOT = iphoneos;
				SWIFT_ACTIVE_COMPILATION_CONDITIONS = DEBUG;
				SWIFT_OPTIMIZATION_LEVEL = "-Onone";
				TARGETED_DEVICE_FAMILY = 2;
			};
			name = Debug;
		};
		49B2DA661ECD44E10082BB47 /* Release */ = {
			isa = XCBuildConfiguration;
			buildSettings = {
				ALWAYS_SEARCH_USER_PATHS = NO;
				CLANG_ANALYZER_NONNULL = YES;
				CLANG_CXX_LANGUAGE_STANDARD = "gnu++0x";
				CLANG_CXX_LIBRARY = "libc++";
				CLANG_ENABLE_MODULES = YES;
				CLANG_ENABLE_OBJC_ARC = YES;
				CLANG_WARN_BOOL_CONVERSION = YES;
				CLANG_WARN_CONSTANT_CONVERSION = YES;
				CLANG_WARN_DIRECT_OBJC_ISA_USAGE = YES_ERROR;
				CLANG_WARN_DOCUMENTATION_COMMENTS = YES;
				CLANG_WARN_EMPTY_BODY = YES;
				CLANG_WARN_ENUM_CONVERSION = YES;
				CLANG_WARN_INFINITE_RECURSION = YES;
				CLANG_WARN_INT_CONVERSION = YES;
				CLANG_WARN_OBJC_ROOT_CLASS = YES_ERROR;
				CLANG_WARN_SUSPICIOUS_MOVE = YES;
				CLANG_WARN_UNREACHABLE_CODE = YES;
				CLANG_WARN__DUPLICATE_METHOD_MATCH = YES;
				"CODE_SIGN_IDENTITY[sdk=iphoneos*]" = "iPhone Developer";
				COPY_PHASE_STRIP = NO;
				DEBUG_INFORMATION_FORMAT = "dwarf-with-dsym";
				ENABLE_NS_ASSERTIONS = NO;
				ENABLE_STRICT_OBJC_MSGSEND = YES;
				GCC_C_LANGUAGE_STANDARD = gnu99;
				GCC_NO_COMMON_BLOCKS = YES;
				GCC_WARN_64_TO_32_BIT_CONVERSION = YES;
				GCC_WARN_ABOUT_RETURN_TYPE = YES_ERROR;
				GCC_WARN_UNDECLARED_SELECTOR = YES;
				GCC_WARN_UNINITIALIZED_AUTOS = YES_AGGRESSIVE;
				GCC_WARN_UNUSED_FUNCTION = YES;
				GCC_WARN_UNUSED_VARIABLE = YES;
				IPHONEOS_DEPLOYMENT_TARGET = 10.2;
				MTL_ENABLE_DEBUG_INFO = NO;
				SDKROOT = iphoneos;
				SWIFT_OPTIMIZATION_LEVEL = "-Owholemodule";
				TARGETED_DEVICE_FAMILY = 2;
				VALIDATE_PRODUCT = YES;
			};
			name = Release;
		};
		49B2DA681ECD44E10082BB47 /* Debug */ = {
			isa = XCBuildConfiguration;
			buildSettings = {
				ASSETCATALOG_COMPILER_APPICON_NAME = AppIcon;
				DEVELOPMENT_TEAM = 32BKXPEZZ6;
				INFOPLIST_FILE = Whack_a_Penguin/Info.plist;
				LD_RUNPATH_SEARCH_PATHS = "$(inherited) @executable_path/Frameworks";
				PRODUCT_BUNDLE_IDENTIFIER = "com.owenduignan.Whack-a-Penguin";
				PRODUCT_NAME = "$(TARGET_NAME)";
				SWIFT_VERSION = 3.0;
			};
			name = Debug;
		};
		49B2DA691ECD44E10082BB47 /* Release */ = {
			isa = XCBuildConfiguration;
			buildSettings = {
				ASSETCATALOG_COMPILER_APPICON_NAME = AppIcon;
				DEVELOPMENT_TEAM = 32BKXPEZZ6;
				INFOPLIST_FILE = Whack_a_Penguin/Info.plist;
				LD_RUNPATH_SEARCH_PATHS = "$(inherited) @executable_path/Frameworks";
				PRODUCT_BUNDLE_IDENTIFIER = "com.owenduignan.Whack-a-Penguin";
				PRODUCT_NAME = "$(TARGET_NAME)";
				SWIFT_VERSION = 3.0;
			};
			name = Release;
		};
/* End XCBuildConfiguration section */

/* Begin XCConfigurationList section */
		49B2DA4A1ECD44E10082BB47 /* Build configuration list for PBXProject "Whack_a_Penguin" */ = {
			isa = XCConfigurationList;
			buildConfigurations = (
				49B2DA651ECD44E10082BB47 /* Debug */,
				49B2DA661ECD44E10082BB47 /* Release */,
			);
			defaultConfigurationIsVisible = 0;
			defaultConfigurationName = Release;
		};
		49B2DA671ECD44E10082BB47 /* Build configuration list for PBXNativeTarget "Whack_a_Penguin" */ = {
			isa = XCConfigurationList;
			buildConfigurations = (
				49B2DA681ECD44E10082BB47 /* Debug */,
				49B2DA691ECD44E10082BB47 /* Release */,
			);
			defaultConfigurationIsVisible = 0;
		};
/* End XCConfigurationList section */
	};
	rootObject = 49B2DA471ECD44E10082BB47 /* Project object */;
}
